
Microsoft Visual Studio Solution File, Format Version 12.00
# Visual Studio 15
VisualStudioVersion = 15.0.28307.106
MinimumVisualStudioVersion = 10.0.40219.1
Project("{FAE04EC0-301F-11D3-BF4B-00C04F79EFBC}") = "200395836F", "200395836F\200395836F.csproj", "{60EE4F4F-8014-44E4-A457-34F8A1C1C12E}"
EndProject
Global
	GlobalSection(SolutionConfigurationPlatforms) = preSolution
		Debug|Any CPU = Debug|Any CPU
		Release|Any CPU = Release|Any CPU
	EndGlobalSection
	GlobalSection(ProjectConfigurationPlatforms) = postSolution
		{60EE4F4F-8014-44E4-A457-34F8A1C1C12E}.Debug|Any CPU.ActiveCfg = Debug|Any CPU
		{60EE4F4F-8014-44E4-A457-34F8A1C1C12E}.Debug|Any CPU.Build.0 = Debug|Any CPU
		{60EE4F4F-8014-44E4-A457-34F8A1C1C12E}.Release|Any CPU.ActiveCfg = Release|Any CPU
		{60EE4F4F-8014-44E4-A457-34F8A1C1C12E}.Release|Any CPU.Build.0 = Release|Any CPU
	EndGlobalSection
	GlobalSection(SolutionProperties) = preSolution
		HideSolutionNode = FALSE
	EndGlobalSection
	GlobalSection(ExtensibilityGlobals) = postSolution
		SolutionGuid = {E240BDB2-9345-49FB-AFD0-91BD291B5BA8}
	EndGlobalSection
EndGlobal
